
Microsoft Visual Studio Solution File, Format Version 12.00
# Visual Studio Version 17
VisualStudioVersion = 17.8.34316.72
MinimumVisualStudioVersion = 10.0.40219.1
Project("{FAE04EC0-301F-11D3-BF4B-00C04F79EFBC}") = "С#hw27.11.2", "С#hw27.11.2\С#hw27.11.2.csproj", "{9EA3CB5C-F31E-4DD7-A5B5-902737AEEC04}"
EndProject
Global
	GlobalSection(SolutionConfigurationPlatforms) = preSolution
		Debug|Any CPU = Debug|Any CPU
		Release|Any CPU = Release|Any CPU
	EndGlobalSection
	GlobalSection(ProjectConfigurationPlatforms) = postSolution
		{9EA3CB5C-F31E-4DD7-A5B5-902737AEEC04}.Debug|Any CPU.ActiveCfg = Debug|Any CPU
		{9EA3CB5C-F31E-4DD7-A5B5-902737AEEC04}.Debug|Any CPU.Build.0 = Debug|Any CPU
		{9EA3CB5C-F31E-4DD7-A5B5-902737AEEC04}.Release|Any CPU.ActiveCfg = Release|Any CPU
		{9EA3CB5C-F31E-4DD7-A5B5-902737AEEC04}.Release|Any CPU.Build.0 = Release|Any CPU
	EndGlobalSection
	GlobalSection(SolutionProperties) = preSolution
		HideSolutionNode = FALSE
	EndGlobalSection
	GlobalSection(ExtensibilityGlobals) = postSolution
		SolutionGuid = {73571BA4-75FE-40A2-A449-88355C13B438}
	EndGlobalSection
EndGlobal
